
Microsoft Visual Studio Solution File, Format Version 12.00
# Visual Studio Version 16
VisualStudioVersion = 16.0.29613.14
MinimumVisualStudioVersion = 10.0.40219.1
Project("{FAE04EC0-301F-11D3-BF4B-00C04F79EFBC}") = "WPF-calculator", "WPF-calculator\WPF-calculator.csproj", "{87F09BA8-7359-45E4-884C-84DAA3F804A6}"
EndProject
Global
	GlobalSection(SolutionConfigurationPlatforms) = preSolution
		Debug|Any CPU = Debug|Any CPU
		Release|Any CPU = Release|Any CPU
	EndGlobalSection
	GlobalSection(ProjectConfigurationPlatforms) = postSolution
		{87F09BA8-7359-45E4-884C-84DAA3F804A6}.Debug|Any CPU.ActiveCfg = Debug|Any CPU
		{87F09BA8-7359-45E4-884C-84DAA3F804A6}.Debug|Any CPU.Build.0 = Debug|Any CPU
		{87F09BA8-7359-45E4-884C-84DAA3F804A6}.Release|Any CPU.ActiveCfg = Release|Any CPU
		{87F09BA8-7359-45E4-884C-84DAA3F804A6}.Release|Any CPU.Build.0 = Release|Any CPU
	EndGlobalSection
	GlobalSection(SolutionProperties) = preSolution
		HideSolutionNode = FALSE
	EndGlobalSection
	GlobalSection(ExtensibilityGlobals) = postSolution
		SolutionGuid = {97CCDAE3-4885-465A-B940-C37A57054FC2}
	EndGlobalSection
EndGlobal
